
Microsoft Visual Studio Solution File, Format Version 12.00
# Visual Studio Version 17
VisualStudioVersion = 17.14.37111.16 d17.14
MinimumVisualStudioVersion = 10.0.40219.1
Project("{8BC9CEB8-8B4A-11D0-8D11-00A0C91BC942}") = "Remove_dynamic_array_head", "Remove_dynamic_array_head.vcxproj", "{7100448C-C8DF-4227-A3E3-844C845179AE}"
EndProject
Global
	GlobalSection(SolutionConfigurationPlatforms) = preSolution
		Debug|x64 = Debug|x64
		Debug|x86 = Debug|x86
		Release|x64 = Release|x64
		Release|x86 = Release|x86
	EndGlobalSection
	GlobalSection(ProjectConfigurationPlatforms) = postSolution
		{7100448C-C8DF-4227-A3E3-844C845179AE}.Debug|x64.ActiveCfg = Debug|x64
		{7100448C-C8DF-4227-A3E3-844C845179AE}.Debug|x64.Build.0 = Debug|x64
		{7100448C-C8DF-4227-A3E3-844C845179AE}.Debug|x86.ActiveCfg = Debug|Win32
		{7100448C-C8DF-4227-A3E3-844C845179AE}.Debug|x86.Build.0 = Debug|Win32
		{7100448C-C8DF-4227-A3E3-844C845179AE}.Release|x64.ActiveCfg = Release|x64
		{7100448C-C8DF-4227-A3E3-844C845179AE}.Release|x64.Build.0 = Release|x64
		{7100448C-C8DF-4227-A3E3-844C845179AE}.Release|x86.ActiveCfg = Release|Win32
		{7100448C-C8DF-4227-A3E3-844C845179AE}.Release|x86.Build.0 = Release|Win32
	EndGlobalSection
	GlobalSection(SolutionProperties) = preSolution
		HideSolutionNode = FALSE
	EndGlobalSection
	GlobalSection(ExtensibilityGlobals) = postSolution
		SolutionGuid = {711B1AAA-B803-4732-9996-6253E1461D10}
	EndGlobalSection
EndGlobal
